
Microsoft Visual Studio Solution File, Format Version 12.00
# Visual Studio 15
VisualStudioVersion = 15.0.27703.2026
MinimumVisualStudioVersion = 10.0.40219.1
Project("{FAE04EC0-301F-11D3-BF4B-00C04F79EFBC}") = "ASP_3", "ASP_3\ASP_3.csproj", "{F553CC4B-D03E-4712-8B2B-E946EA845FE7}"
EndProject
Global
	GlobalSection(SolutionConfigurationPlatforms) = preSolution
		Debug|Any CPU = Debug|Any CPU
		Release|Any CPU = Release|Any CPU
	EndGlobalSection
	GlobalSection(ProjectConfigurationPlatforms) = postSolution
		{F553CC4B-D03E-4712-8B2B-E946EA845FE7}.Debug|Any CPU.ActiveCfg = Debug|Any CPU
		{F553CC4B-D03E-4712-8B2B-E946EA845FE7}.Debug|Any CPU.Build.0 = Debug|Any CPU
		{F553CC4B-D03E-4712-8B2B-E946EA845FE7}.Release|Any CPU.ActiveCfg = Release|Any CPU
		{F553CC4B-D03E-4712-8B2B-E946EA845FE7}.Release|Any CPU.Build.0 = Release|Any CPU
	EndGlobalSection
	GlobalSection(SolutionProperties) = preSolution
		HideSolutionNode = FALSE
	EndGlobalSection
	GlobalSection(ExtensibilityGlobals) = postSolution
		SolutionGuid = {C0C9A733-CA16-42CC-B5FA-10988DE98CAE}
	EndGlobalSection
EndGlobal
